
Microsoft Visual Studio Solution File, Format Version 12.00
# Visual Studio Version 17
VisualStudioVersion = 17.7.34024.191
MinimumVisualStudioVersion = 10.0.40219.1
Project("{2150E333-8FDC-42A3-9474-1A3956D46DE8}") = "Src", "Src", "{C0B6C53E-D0A0-429C-993B-C76AF5D4C208}"
EndProject
Project("{2150E333-8FDC-42A3-9474-1A3956D46DE8}") = "Core", "Core", "{E074DC09-C183-43F6-8FAF-470F9FFA4C6D}"
EndProject
Project("{2150E333-8FDC-42A3-9474-1A3956D46DE8}") = "Infrastructure", "Infrastructure", "{F953B569-5158-4998-99A1-C9F225173D12}"
EndProject
Project("{2150E333-8FDC-42A3-9474-1A3956D46DE8}") = "Presentation", "Presentation", "{19A7FC4D-D322-4D0E-979B-B706EB5F8D47}"
EndProject
Project("{FAE04EC0-301F-11D3-BF4B-00C04F79EFBC}") = "Application", "Application\Application.csproj", "{3311D7BC-BE01-4DEB-9391-3A2E873424E9}"
EndProject
Project("{FAE04EC0-301F-11D3-BF4B-00C04F79EFBC}") = "Domainn", "Domainn\Domainn.csproj", "{6311F2BA-FE21-4333-B54E-E5DE8AB02CEA}"
EndProject
Project("{FAE04EC0-301F-11D3-BF4B-00C04F79EFBC}") = "Infrastructure", "Infrastructure\Infrastructure.csproj", "{DCFB08A1-4AC3-435F-8D7A-C89C1E7F9822}"
EndProject
Project("{FAE04EC0-301F-11D3-BF4B-00C04F79EFBC}") = "Persistance", "Persistance\Persistance.csproj", "{B6F0DA93-39CF-46D3-AE80-3182BF553ABE}"
EndProject
Project("{FAE04EC0-301F-11D3-BF4B-00C04F79EFBC}") = "WebApi", "WebApi\WebApi.csproj", "{693188E4-5FE7-421A-B288-AAAE935AC119}"
EndProject
Global
	GlobalSection(SolutionConfigurationPlatforms) = preSolution
		Debug|Any CPU = Debug|Any CPU
		Release|Any CPU = Release|Any CPU
	EndGlobalSection
	GlobalSection(ProjectConfigurationPlatforms) = postSolution
		{3311D7BC-BE01-4DEB-9391-3A2E873424E9}.Debug|Any CPU.ActiveCfg = Debug|Any CPU
		{3311D7BC-BE01-4DEB-9391-3A2E873424E9}.Debug|Any CPU.Build.0 = Debug|Any CPU
		{3311D7BC-BE01-4DEB-9391-3A2E873424E9}.Release|Any CPU.ActiveCfg = Release|Any CPU
		{3311D7BC-BE01-4DEB-9391-3A2E873424E9}.Release|Any CPU.Build.0 = Release|Any CPU
		{6311F2BA-FE21-4333-B54E-E5DE8AB02CEA}.Debug|Any CPU.ActiveCfg = Debug|Any CPU
		{6311F2BA-FE21-4333-B54E-E5DE8AB02CEA}.Debug|Any CPU.Build.0 = Debug|Any CPU
		{6311F2BA-FE21-4333-B54E-E5DE8AB02CEA}.Release|Any CPU.ActiveCfg = Release|Any CPU
		{6311F2BA-FE21-4333-B54E-E5DE8AB02CEA}.Release|Any CPU.Build.0 = Release|Any CPU
		{DCFB08A1-4AC3-435F-8D7A-C89C1E7F9822}.Debug|Any CPU.ActiveCfg = Debug|Any CPU
		{DCFB08A1-4AC3-435F-8D7A-C89C1E7F9822}.Debug|Any CPU.Build.0 = Debug|Any CPU
		{DCFB08A1-4AC3-435F-8D7A-C89C1E7F9822}.Release|Any CPU.ActiveCfg = Release|Any CPU
		{DCFB08A1-4AC3-435F-8D7A-C89C1E7F9822}.Release|Any CPU.Build.0 = Release|Any CPU
		{B6F0DA93-39CF-46D3-AE80-3182BF553ABE}.Debug|Any CPU.ActiveCfg = Debug|Any CPU
		{B6F0DA93-39CF-46D3-AE80-3182BF553ABE}.Debug|Any CPU.Build.0 = Debug|Any CPU
		{B6F0DA93-39CF-46D3-AE80-3182BF553ABE}.Release|Any CPU.ActiveCfg = Release|Any CPU
		{B6F0DA93-39CF-46D3-AE80-3182BF553ABE}.Release|Any CPU.Build.0 = Release|Any CPU
		{693188E4-5FE7-421A-B288-AAAE935AC119}.Debug|Any CPU.ActiveCfg = Debug|Any CPU
		{693188E4-5FE7-421A-B288-AAAE935AC119}.Debug|Any CPU.Build.0 = Debug|Any CPU
		{693188E4-5FE7-421A-B288-AAAE935AC119}.Release|Any CPU.ActiveCfg = Release|Any CPU
		{693188E4-5FE7-421A-B288-AAAE935AC119}.Release|Any CPU.Build.0 = Release|Any CPU
	EndGlobalSection
	GlobalSection(SolutionProperties) = preSolution
		HideSolutionNode = FALSE
	EndGlobalSection
	GlobalSection(NestedProjects) = preSolution
		{E074DC09-C183-43F6-8FAF-470F9FFA4C6D} = {C0B6C53E-D0A0-429C-993B-C76AF5D4C208}
		{F953B569-5158-4998-99A1-C9F225173D12} = {C0B6C53E-D0A0-429C-993B-C76AF5D4C208}
		{19A7FC4D-D322-4D0E-979B-B706EB5F8D47} = {C0B6C53E-D0A0-429C-993B-C76AF5D4C208}
		{3311D7BC-BE01-4DEB-9391-3A2E873424E9} = {E074DC09-C183-43F6-8FAF-470F9FFA4C6D}
		{6311F2BA-FE21-4333-B54E-E5DE8AB02CEA} = {E074DC09-C183-43F6-8FAF-470F9FFA4C6D}
		{DCFB08A1-4AC3-435F-8D7A-C89C1E7F9822} = {F953B569-5158-4998-99A1-C9F225173D12}
		{B6F0DA93-39CF-46D3-AE80-3182BF553ABE} = {F953B569-5158-4998-99A1-C9F225173D12}
		{693188E4-5FE7-421A-B288-AAAE935AC119} = {19A7FC4D-D322-4D0E-979B-B706EB5F8D47}
	EndGlobalSection
	GlobalSection(ExtensibilityGlobals) = postSolution
		SolutionGuid = {7F31B22B-805F-4B00-A1AA-20224A928242}
	EndGlobalSection
EndGlobal
